// !$*UTF8*$!
{
	archiveVersion = 1;
	classes = {
	};
	objectVersion = 46;
	objects = {

/* Begin PBXBuildFile section */
		188F00CF1F445B41000BCAE7 /* AppDelegate.swift in Sources */ = {isa = PBXBuildFile; fileRef = 188F00CE1F445B41000BCAE7 /* AppDelegate.swift */; };
		188F00D11F445B41000BCAE7 /* MainVC.swift in Sources */ = {isa = PBXBuildFile; fileRef = 188F00D01F445B41000BCAE7 /* MainVC.swift */; };
		188F00D41F445B41000BCAE7 /* Main.storyboard in Resources */ = {isa = PBXBuildFile; fileRef = 188F00D21F445B41000BCAE7 /* Main.storyboard */; };
		188F00D71F445B42000BCAE7 /* DreamLister.xcdatamodeld in Sources */ = {isa = PBXBuildFile; fileRef = 188F00D51F445B41000BCAE7 /* DreamLister.xcdatamodeld */; };
		188F00D91F445B42000BCAE7 /* Assets.xcassets in Resources */ = {isa = PBXBuildFile; fileRef = 188F00D81F445B42000BCAE7 /* Assets.xcassets */; };
		188F00DC1F445B42000BCAE7 /* LaunchScreen.storyboard in Resources */ = {isa = PBXBuildFile; fileRef = 188F00DA1F445B42000BCAE7 /* LaunchScreen.storyboard */; };
		188F00EB1F446379000BCAE7 /* Store+CoreDataClass.swift in Sources */ = {isa = PBXBuildFile; fileRef = 188F00E31F446379000BCAE7 /* Store+CoreDataClass.swift */; };
		188F00EC1F446379000BCAE7 /* Store+CoreDataProperties.swift in Sources */ = {isa = PBXBuildFile; fileRef = 188F00E41F446379000BCAE7 /* Store+CoreDataProperties.swift */; };
		188F00ED1F446379000BCAE7 /* Image+CoreDataClass.swift in Sources */ = {isa = PBXBuildFile; fileRef = 188F00E51F446379000BCAE7 /* Image+CoreDataClass.swift */; };
		188F00EE1F446379000BCAE7 /* Image+CoreDataProperties.swift in Sources */ = {isa = PBXBuildFile; fileRef = 188F00E61F446379000BCAE7 /* Image+CoreDataProperties.swift */; };
		188F00EF1F446379000BCAE7 /* ItemType+CoreDataClass.swift in Sources */ = {isa = PBXBuildFile; fileRef = 188F00E71F446379000BCAE7 /* ItemType+CoreDataClass.swift */; };
		188F00F01F446379000BCAE7 /* ItemType+CoreDataProperties.swift in Sources */ = {isa = PBXBuildFile; fileRef = 188F00E81F446379000BCAE7 /* ItemType+CoreDataProperties.swift */; };
		188F00F11F446379000BCAE7 /* Item+CoreDataClass.swift in Sources */ = {isa = PBXBuildFile; fileRef = 188F00E91F446379000BCAE7 /* Item+CoreDataClass.swift */; };
		188F00F21F446379000BCAE7 /* Item+CoreDataProperties.swift in Sources */ = {isa = PBXBuildFile; fileRef = 188F00EA1F446379000BCAE7 /* Item+CoreDataProperties.swift */; };
		18F0AF031F449691008104C8 /* MaterialView.swift in Sources */ = {isa = PBXBuildFile; fileRef = 18F0AF021F449691008104C8 /* MaterialView.swift */; };
/* End PBXBuildFile section */

/* Begin PBXFileReference section */
		188F00CB1F445B41000BCAE7 /* DreamLister.app */ = {isa = PBXFileReference; explicitFileType = wrapper.application; includeInIndex = 0; path = DreamLister.app; sourceTree = BUILT_PRODUCTS_DIR; };
		188F00CE1F445B41000BCAE7 /* AppDelegate.swift */ = {isa = PBXFileReference; lastKnownFileType = sourcecode.swift; path = AppDelegate.swift; sourceTree = "<group>"; };
		188F00D01F445B41000BCAE7 /* MainVC.swift */ = {isa = PBXFileReference; lastKnownFileType = sourcecode.swift; path = MainVC.swift; sourceTree = "<group>"; };
		188F00D31F445B41000BCAE7 /* Base */ = {isa = PBXFileReference; lastKnownFileType = file.storyboard; name = Base; path = Base.lproj/Main.storyboard; sourceTree = "<group>"; };
		188F00D61F445B41000BCAE7 /* DreamLister.xcdatamodel */ = {isa = PBXFileReference; lastKnownFileType = wrapper.xcdatamodel; path = DreamLister.xcdatamodel; sourceTree = "<group>"; };
		188F00D81F445B42000BCAE7 /* Assets.xcassets */ = {isa = PBXFileReference; lastKnownFileType = folder.assetcatalog; path = Assets.xcassets; sourceTree = "<group>"; };
		188F00DB1F445B42000BCAE7 /* Base */ = {isa = PBXFileReference; lastKnownFileType = file.storyboard; name = Base; path = Base.lproj/LaunchScreen.storyboard; sourceTree = "<group>"; };
		188F00DD1F445B42000BCAE7 /* Info.plist */ = {isa = PBXFileReference; lastKnownFileType = text.plist.xml; path = Info.plist; sourceTree = "<group>"; };
		188F00E31F446379000BCAE7 /* Store+CoreDataClass.swift */ = {isa = PBXFileReference; fileEncoding = 4; lastKnownFileType = sourcecode.swift; path = "Store+CoreDataClass.swift"; sourceTree = "<group>"; };
		188F00E41F446379000BCAE7 /* Store+CoreDataProperties.swift */ = {isa = PBXFileReference; fileEncoding = 4; lastKnownFileType = sourcecode.swift; path = "Store+CoreDataProperties.swift"; sourceTree = "<group>"; };
		188F00E51F446379000BCAE7 /* Image+CoreDataClass.swift */ = {isa = PBXFileReference; fileEncoding = 4; lastKnownFileType = sourcecode.swift; path = "Image+CoreDataClass.swift"; sourceTree = "<group>"; };
		188F00E61F446379000BCAE7 /* Image+CoreDataProperties.swift */ = {isa = PBXFileReference; fileEncoding = 4; lastKnownFileType = sourcecode.swift; path = "Image+CoreDataProperties.swift"; sourceTree = "<group>"; };
		188F00E71F446379000BCAE7 /* ItemType+CoreDataClass.swift */ = {isa = PBXFileReference; fileEncoding = 4; lastKnownFileType = sourcecode.swift; path = "ItemType+CoreDataClass.swift"; sourceTree = "<group>"; };
		188F00E81F446379000BCAE7 /* ItemType+CoreDataProperties.swift */ = {isa = PBXFileReference; fileEncoding = 4; lastKnownFileType = sourcecode.swift; path = "ItemType+CoreDataProperties.swift"; sourceTree = "<group>"; };
		188F00E91F446379000BCAE7 /* Item+CoreDataClass.swift */ = {isa = PBXFileReference; fileEncoding = 4; lastKnownFileType = sourcecode.swift; path = "Item+CoreDataClass.swift"; sourceTree = "<group>"; };
		188F00EA1F446379000BCAE7 /* Item+CoreDataProperties.swift */ = {isa = PBXFileReference; fileEncoding = 4; lastKnownFileType = sourcecode.swift; path = "Item+CoreDataProperties.swift"; sourceTree = "<group>"; };
		18F0AF021F449691008104C8 /* MaterialView.swift */ = {isa = PBXFileReference; fileEncoding = 4; lastKnownFileType = sourcecode.swift; path = MaterialView.swift; sourceTree = "<group>"; };
/* End PBXFileReference section */

/* Begin PBXFrameworksBuildPhase section */
		188F00C81F445B41000BCAE7 /* Frameworks */ = {
			isa = PBXFrameworksBuildPhase;
			buildActionMask = 2147483647;
			files = (
			);
			runOnlyForDeploymentPostprocessing = 0;
		};
/* End PBXFrameworksBuildPhase section */

/* Begin PBXGroup section */
		188F00C21F445B41000BCAE7 = {
			isa = PBXGroup;
			children = (
				188F00CD1F445B41000BCAE7 /* DreamLister */,
				188F00CC1F445B41000BCAE7 /* Products */,
			);
			sourceTree = "<group>";
		};
		188F00CC1F445B41000BCAE7 /* Products */ = {
			isa = PBXGroup;
			children = (
				188F00CB1F445B41000BCAE7 /* DreamLister.app */,
			);
			name = Products;
			sourceTree = "<group>";
		};
		188F00CD1F445B41000BCAE7 /* DreamLister */ = {
			isa = PBXGroup;
			children = (
				18F0AF011F44965C008104C8 /* View */,
				188F00F31F4463A2000BCAE7 /* Model */,
				188F00CE1F445B41000BCAE7 /* AppDelegate.swift */,
				188F00D01F445B41000BCAE7 /* MainVC.swift */,
				188F00D21F445B41000BCAE7 /* Main.storyboard */,
				188F00D81F445B42000BCAE7 /* Assets.xcassets */,
				188F00DA1F445B42000BCAE7 /* LaunchScreen.storyboard */,
				188F00DD1F445B42000BCAE7 /* Info.plist */,
				188F00D51F445B41000BCAE7 /* DreamLister.xcdatamodeld */,
			);
			path = DreamLister;
			sourceTree = "<group>";
		};
		188F00F31F4463A2000BCAE7 /* Model */ = {
			isa = PBXGroup;
			children = (
				188F00E51F446379000BCAE7 /* Image+CoreDataClass.swift */,
				188F00E71F446379000BCAE7 /* ItemType+CoreDataClass.swift */,
				188F00E91F446379000BCAE7 /* Item+CoreDataClass.swift */,
				188F00E31F446379000BCAE7 /* Store+CoreDataClass.swift */,
				188F00F41F4463AA000BCAE7 /* Generated */,
			);
			name = Model;
			sourceTree = "<group>";
		};
		188F00F41F4463AA000BCAE7 /* Generated */ = {
			isa = PBXGroup;
			children = (
				188F00E61F446379000BCAE7 /* Image+CoreDataProperties.swift */,
				188F00E81F446379000BCAE7 /* ItemType+CoreDataProperties.swift */,
				188F00EA1F446379000BCAE7 /* Item+CoreDataProperties.swift */,
				188F00E41F446379000BCAE7 /* Store+CoreDataProperties.swift */,
			);
			name = Generated;
			sourceTree = "<group>";
		};
		18F0AF011F44965C008104C8 /* View */ = {
			isa = PBXGroup;
			children = (
				18F0AF021F449691008104C8 /* MaterialView.swift */,
			);
			name = View;
			sourceTree = "<group>";
		};
/* End PBXGroup section */

/* Begin PBXNativeTarget section */
		188F00CA1F445B41000BCAE7 /* DreamLister */ = {
			isa = PBXNativeTarget;
			buildConfigurationList = 188F00E01F445B42000BCAE7 /* Build configuration list for PBXNativeTarget "DreamLister" */;
			buildPhases = (
				188F00C71F445B41000BCAE7 /* Sources */,
				188F00C81F445B41000BCAE7 /* Frameworks */,
				188F00C91F445B41000BCAE7 /* Resources */,
			);
			buildRules = (
			);
			dependencies = (
			);
			name = DreamLister;
			productName = DreamLister;
			productReference = 188F00CB1F445B41000BCAE7 /* DreamLister.app */;
			productType = "com.apple.product-type.application";
		};
/* End PBXNativeTarget section */

/* Begin PBXProject section */
		188F00C31F445B41000BCAE7 /* Project object */ = {
			isa = PBXProject;
			attributes = {
				LastSwiftUpdateCheck = 0830;
				LastUpgradeCheck = 0830;
				ORGANIZATIONNAME = Mahmoud;
				TargetAttributes = {
					188F00CA1F445B41000BCAE7 = {
						CreatedOnToolsVersion = 8.3.3;
						ProvisioningStyle = Automatic;
					};
				};
			};
			buildConfigurationList = 188F00C61F445B41000BCAE7 /* Build configuration list for PBXProject "DreamLister" */;
			compatibilityVersion = "Xcode 3.2";
			developmentRegion = English;
			hasScannedForEncodings = 0;
			knownRegions = (
				en,
				Base,
			);
			mainGroup = 188F00C21F445B41000BCAE7;
			productRefGroup = 188F00CC1F445B41000BCAE7 /* Products */;
			projectDirPath = "";
			projectRoot = "";
			targets = (
				188F00CA1F445B41000BCAE7 /* DreamLister */,
			);
		};
/* End PBXProject section */

/* Begin PBXResourcesBuildPhase section */
		188F00C91F445B41000BCAE7 /* Resources */ = {
			isa = PBXResourcesBuildPhase;
			buildActionMask = 2147483647;
			files = (
				188F00DC1F445B42000BCAE7 /* LaunchScreen.storyboard in Resources */,
				188F00D91F445B42000BCAE7 /* Assets.xcassets in Resources */,
				188F00D41F445B41000BCAE7 /* Main.storyboard in Resources */,
			);
			runOnlyForDeploymentPostprocessing = 0;
		};
/* End PBXResourcesBuildPhase section */

/* Begin PBXSourcesBuildPhase section */
		188F00C71F445B41000BCAE7 /* Sources */ = {
			isa = PBXSourcesBuildPhase;
			buildActionMask = 2147483647;
			files = (
				188F00F11F446379000BCAE7 /* Item+CoreDataClass.swift in Sources */,
				188F00EC1F446379000BCAE7 /* Store+CoreDataProperties.swift in Sources */,
				188F00D11F445B41000BCAE7 /* MainVC.swift in Sources */,
				18F0AF031F449691008104C8 /* MaterialView.swift in Sources */,
				188F00F01F446379000BCAE7 /* ItemType+CoreDataProperties.swift in Sources */,
				188F00EB1F446379000BCAE7 /* Store+CoreDataClass.swift in Sources */,
				188F00ED1F446379000BCAE7 /* Image+CoreDataClass.swift in Sources */,
				188F00EF1F446379000BCAE7 /* ItemType+CoreDataClass.swift in Sources */,
				188F00CF1F445B41000BCAE7 /* AppDelegate.swift in Sources */,
				188F00D71F445B42000BCAE7 /* DreamLister.xcdatamodeld in Sources */,
				188F00F21F446379000BCAE7 /* Item+CoreDataProperties.swift in Sources */,
				188F00EE1F446379000BCAE7 /* Image+CoreDataProperties.swift in Sources */,
			);
			runOnlyForDeploymentPostprocessing = 0;
		};
/* End PBXSourcesBuildPhase section */

/* Begin PBXVariantGroup section */
		188F00D21F445B41000BCAE7 /* Main.storyboard */ = {
			isa = PBXVariantGroup;
			children = (
				188F00D31F445B41000BCAE7 /* Base */,
			);
			name = Main.storyboard;
			sourceTree = "<group>";
		};
		188F00DA1F445B42000BCAE7 /* LaunchScreen.storyboard */ = {
			isa = PBXVariantGroup;
			children = (
				188F00DB1F445B42000BCAE7 /* Base */,
			);
			name = LaunchScreen.storyboard;
			sourceTree = "<group>";
		};
/* End PBXVariantGroup section */

/* Begin XCBuildConfiguration section */
		188F00DE1F445B42000BCAE7 /* Debug */ = {
			isa = XCBuildConfiguration;
			buildSettings = {
				ALWAYS_SEARCH_USER_PATHS = NO;
				CLANG_ANALYZER_NONNULL = YES;
				CLANG_ANALYZER_NUMBER_OBJECT_CONVERSION = YES_AGGRESSIVE;
				CLANG_CXX_LANGUAGE_STANDARD = "gnu++0x";
				CLANG_CXX_LIBRARY = "libc++";
				CLANG_ENABLE_MODULES = YES;
				CLANG_ENABLE_OBJC_ARC = YES;
				CLANG_WARN_BOOL_CONVERSION = YES;
				CLANG_WARN_CONSTANT_CONVERSION = YES;
				CLANG_WARN_DIRECT_OBJC_ISA_USAGE = YES_ERROR;
				CLANG_WARN_DOCUMENTATION_COMMENTS = YES;
				CLANG_WARN_EMPTY_BODY = YES;
				CLANG_WARN_ENUM_CONVERSION = YES;
				CLANG_WARN_INFINITE_RECURSION = YES;
				CLANG_WARN_INT_CONVERSION = YES;
				CLANG_WARN_OBJC_ROOT_CLASS = YES_ERROR;
				CLANG_WARN_SUSPICIOUS_MOVE = YES;
				CLANG_WARN_UNREACHABLE_CODE = YES;
				CLANG_WARN__DUPLICATE_METHOD_MATCH = YES;
				"CODE_SIGN_IDENTITY[sdk=iphoneos*]" = "iPhone Developer";
				COPY_PHASE_STRIP = NO;
				DEBUG_INFORMATION_FORMAT = dwarf;
				ENABLE_STRICT_OBJC_MSGSEND = YES;
				ENABLE_TESTABILITY = YES;
				GCC_C_LANGUAGE_STANDARD = gnu99;
				GCC_DYNAMIC_NO_PIC = NO;
				GCC_NO_COMMON_BLOCKS = YES;
				GCC_OPTIMIZATION_LEVEL = 0;
				GCC_PREPROCESSOR_DEFINITIONS = (
					"DEBUG=1",
					"$(inherited)",
				);
				GCC_WARN_64_TO_32_BIT_CONVERSION = YES;
				GCC_WARN_ABOUT_RETURN_TYPE = YES_ERROR;
				GCC_WARN_UNDECLARED_SELECTOR = YES;
				GCC_WARN_UNINITIALIZED_AUTOS = YES_AGGRESSIVE;
				GCC_WARN_UNUSED_FUNCTION = YES;
				GCC_WARN_UNUSED_VARIABLE = YES;
				IPHONEOS_DEPLOYMENT_TARGET = 10.3;
				MTL_ENABLE_DEBUG_INFO = YES;
				ONLY_ACTIVE_ARCH = YES;
				SDKROOT = iphoneos;
				SWIFT_ACTIVE_COMPILATION_CONDITIONS = DEBUG;
				SWIFT_OPTIMIZATION_LEVEL = "-Onone";
			};
			name = Debug;
		};
		188F00DF1F445B42000BCAE7 /* Release */ = {
			isa = XCBuildConfiguration;
			buildSettings = {
				ALWAYS_SEARCH_USER_PATHS = NO;
				CLANG_ANALYZER_NONNULL = YES;
				CLANG_ANALYZER_NUMBER_OBJECT_CONVERSION = YES_AGGRESSIVE;
				CLANG_CXX_LANGUAGE_STANDARD = "gnu++0x";
				CLANG_CXX_LIBRARY = "libc++";
				CLANG_ENABLE_MODULES = YES;
				CLANG_ENABLE_OBJC_ARC = YES;
				CLANG_WARN_BOOL_CONVERSION = YES;
				CLANG_WARN_CONSTANT_CONVERSION = YES;
				CLANG_WARN_DIRECT_OBJC_ISA_USAGE = YES_ERROR;
				CLANG_WARN_DOCUMENTATION_COMMENTS = YES;
				CLANG_WARN_EMPTY_BODY = YES;
				CLANG_WARN_ENUM_CONVERSION = YES;
				CLANG_WARN_INFINITE_RECURSION = YES;
				CLANG_WARN_INT_CONVERSION = YES;
				CLANG_WARN_OBJC_ROOT_CLASS = YES_ERROR;
				CLANG_WARN_SUSPICIOUS_MOVE = YES;
				CLANG_WARN_UNREACHABLE_CODE = YES;
				CLANG_WARN__DUPLICATE_METHOD_MATCH = YES;
				"CODE_SIGN_IDENTITY[sdk=iphoneos*]" = "iPhone Developer";
				COPY_PHASE_STRIP = NO;
				DEBUG_INFORMATION_FORMAT = "dwarf-with-dsym";
				ENABLE_NS_ASSERTIONS = NO;
				ENABLE_STRICT_OBJC_MSGSEND = YES;
				GCC_C_LANGUAGE_STANDARD = gnu99;
				GCC_NO_COMMON_BLOCKS = YES;
				GCC_WARN_64_TO_32_BIT_CONVERSION = YES;
				GCC_WARN_ABOUT_RETURN_TYPE = YES_ERROR;
				GCC_WARN_UNDECLARED_SELECTOR = YES;
				GCC_WARN_UNINITIALIZED_AUTOS = YES_AGGRESSIVE;
				GCC_WARN_UNUSED_FUNCTION = YES;
				GCC_WARN_UNUSED_VARIABLE = YES;
				IPHONEOS_DEPLOYMENT_TARGET = 10.3;
				MTL_ENABLE_DEBUG_INFO = NO;
				SDKROOT = iphoneos;
				SWIFT_OPTIMIZATION_LEVEL = "-Owholemodule";
				VALIDATE_PRODUCT = YES;
			};
			name = Release;
		};
		188F00E11F445B42000BCAE7 /* Debug */ = {
			isa = XCBuildConfiguration;
			buildSettings = {
				ASSETCATALOG_COMPILER_APPICON_NAME = AppIcon;
				INFOPLIST_FILE = DreamLister/Info.plist;
				LD_RUNPATH_SEARCH_PATHS = "$(inherited) @executable_path/Frameworks";
				PRODUCT_BUNDLE_IDENTIFIER = com.Mahmoud.HelloWorld.DreamLister;
				PRODUCT_NAME = "$(TARGET_NAME)";
				SWIFT_VERSION = 3.0;
			};
			name = Debug;
		};
		188F00E21F445B42000BCAE7 /* Release */ = {
			isa = XCBuildConfiguration;
			buildSettings = {
				ASSETCATALOG_COMPILER_APPICON_NAME = AppIcon;
				INFOPLIST_FILE = DreamLister/Info.plist;
				LD_RUNPATH_SEARCH_PATHS = "$(inherited) @executable_path/Frameworks";
				PRODUCT_BUNDLE_IDENTIFIER = com.Mahmoud.HelloWorld.DreamLister;
				PRODUCT_NAME = "$(TARGET_NAME)";
				SWIFT_VERSION = 3.0;
			};
			name = Release;
		};
/* End XCBuildConfiguration section */

/* Begin XCConfigurationList section */
		188F00C61F445B41000BCAE7 /* Build configuration list for PBXProject "DreamLister" */ = {
			isa = XCConfigurationList;
			buildConfigurations = (
				188F00DE1F445B42000BCAE7 /* Debug */,
				188F00DF1F445B42000BCAE7 /* Release */,
			);
			defaultConfigurationIsVisible = 0;
			defaultConfigurationName = Release;
		};
		188F00E01F445B42000BCAE7 /* Build configuration list for PBXNativeTarget "DreamLister" */ = {
			isa = XCConfigurationList;
			buildConfigurations = (
				188F00E11F445B42000BCAE7 /* Debug */,
				188F00E21F445B42000BCAE7 /* Release */,
			);
			defaultConfigurationIsVisible = 0;
			defaultConfigurationName = Release;
		};
/* End XCConfigurationList section */

/* Begin XCVersionGroup section */
		188F00D51F445B41000BCAE7 /* DreamLister.xcdatamodeld */ = {
			isa = XCVersionGroup;
			children = (
				188F00D61F445B41000BCAE7 /* DreamLister.xcdatamodel */,
			);
			currentVersion = 188F00D61F445B41000BCAE7 /* DreamLister.xcdatamodel */;
			path = DreamLister.xcdatamodeld;
			sourceTree = "<group>";
			versionGroupType = wrapper.xcdatamodel;
		};
/* End XCVersionGroup section */
	};
	rootObject = 188F00C31F445B41000BCAE7 /* Project object */;
}
